
Microsoft Visual Studio Solution File, Format Version 12.00
# Visual Studio Version 16
VisualStudioVersion = 16.0.31729.503
MinimumVisualStudioVersion = 10.0.40219.1
Project("{9A19103F-16F7-4668-BE54-9A1E7A4F7556}") = "AdventOfCode.Day1", "AdventOfCode.Day1\AdventOfCode.Day1.csproj", "{F25F28C7-96B3-444A-9376-B8FEF07867B0}"
EndProject
Project("{9A19103F-16F7-4668-BE54-9A1E7A4F7556}") = "AdventOfCode.Day2", "AdventOfCode.Day2\AdventOfCode.Day2.csproj", "{DBFC9D65-EA14-490E-A151-8DC4468DA5D0}"
EndProject
Project("{9A19103F-16F7-4668-BE54-9A1E7A4F7556}") = "AdventOfCode.Day3", "AdventOfCode.Day3\AdventOfCode.Day3.csproj", "{E23EAD9F-D1C0-46D6-B949-CF88C45C5837}"
EndProject
Project("{FAE04EC0-301F-11D3-BF4B-00C04F79EFBC}") = "AdventOfCode.Day4", "AdventOfCode.Day4\AdventOfCode.Day4.csproj", "{13ED3978-D6E5-4D38-909B-10579FFE8D64}"
EndProject
Global
	GlobalSection(SolutionConfigurationPlatforms) = preSolution
		Debug|Any CPU = Debug|Any CPU
		Release|Any CPU = Release|Any CPU
	EndGlobalSection
	GlobalSection(ProjectConfigurationPlatforms) = postSolution
		{F25F28C7-96B3-444A-9376-B8FEF07867B0}.Debug|Any CPU.ActiveCfg = Debug|Any CPU
		{F25F28C7-96B3-444A-9376-B8FEF07867B0}.Debug|Any CPU.Build.0 = Debug|Any CPU
		{F25F28C7-96B3-444A-9376-B8FEF07867B0}.Release|Any CPU.ActiveCfg = Release|Any CPU
		{F25F28C7-96B3-444A-9376-B8FEF07867B0}.Release|Any CPU.Build.0 = Release|Any CPU
		{DBFC9D65-EA14-490E-A151-8DC4468DA5D0}.Debug|Any CPU.ActiveCfg = Debug|Any CPU
		{DBFC9D65-EA14-490E-A151-8DC4468DA5D0}.Debug|Any CPU.Build.0 = Debug|Any CPU
		{DBFC9D65-EA14-490E-A151-8DC4468DA5D0}.Release|Any CPU.ActiveCfg = Release|Any CPU
		{DBFC9D65-EA14-490E-A151-8DC4468DA5D0}.Release|Any CPU.Build.0 = Release|Any CPU
		{E23EAD9F-D1C0-46D6-B949-CF88C45C5837}.Debug|Any CPU.ActiveCfg = Debug|Any CPU
		{E23EAD9F-D1C0-46D6-B949-CF88C45C5837}.Debug|Any CPU.Build.0 = Debug|Any CPU
		{E23EAD9F-D1C0-46D6-B949-CF88C45C5837}.Release|Any CPU.ActiveCfg = Release|Any CPU
		{E23EAD9F-D1C0-46D6-B949-CF88C45C5837}.Release|Any CPU.Build.0 = Release|Any CPU
		{13ED3978-D6E5-4D38-909B-10579FFE8D64}.Debug|Any CPU.ActiveCfg = Debug|Any CPU
		{13ED3978-D6E5-4D38-909B-10579FFE8D64}.Debug|Any CPU.Build.0 = Debug|Any CPU
		{13ED3978-D6E5-4D38-909B-10579FFE8D64}.Release|Any CPU.ActiveCfg = Release|Any CPU
		{13ED3978-D6E5-4D38-909B-10579FFE8D64}.Release|Any CPU.Build.0 = Release|Any CPU
	EndGlobalSection
	GlobalSection(SolutionProperties) = preSolution
		HideSolutionNode = FALSE
	EndGlobalSection
	GlobalSection(ExtensibilityGlobals) = postSolution
		SolutionGuid = {2799ECF9-DF89-4FE5-B245-D591034DA507}
	EndGlobalSection
EndGlobal
