
Microsoft Visual Studio Solution File, Format Version 12.00
# Visual Studio Version 17
VisualStudioVersion = 17.0.31903.59
MinimumVisualStudioVersion = 10.0.40219.1
Project("{6EC3EE1D-3C4E-46DD-8F32-0CC8E7565705}") = "Day_2", "Day_2\Day_2.fsproj", "{76E37A33-5E2E-40E8-BFB7-6890C275B707}"
EndProject
Project("{6EC3EE1D-3C4E-46DD-8F32-0CC8E7565705}") = "Day_1", "Day_1\Day_1.fsproj", "{4E9368C4-52FB-432A-999B-1AF6FAE1B943}"
EndProject
Project("{6EC3EE1D-3C4E-46DD-8F32-0CC8E7565705}") = "Common", "Common\Common.fsproj", "{AD76F09F-FA25-479E-BEFA-EEFCFA0F8298}"
EndProject
Project("{F2A71F9B-5D33-465A-A702-920D77279786}") = "Day_3", "Day_3\Day_3.fsproj", "{A3E77CB0-FF95-44E1-AA2B-4DC226B68CCE}"
EndProject
Global
	GlobalSection(SolutionConfigurationPlatforms) = preSolution
		Debug|Any CPU = Debug|Any CPU
		Release|Any CPU = Release|Any CPU
	EndGlobalSection
	GlobalSection(ProjectConfigurationPlatforms) = postSolution
		{76E37A33-5E2E-40E8-BFB7-6890C275B707}.Debug|Any CPU.ActiveCfg = Debug|Any CPU
		{76E37A33-5E2E-40E8-BFB7-6890C275B707}.Debug|Any CPU.Build.0 = Debug|Any CPU
		{76E37A33-5E2E-40E8-BFB7-6890C275B707}.Release|Any CPU.ActiveCfg = Release|Any CPU
		{76E37A33-5E2E-40E8-BFB7-6890C275B707}.Release|Any CPU.Build.0 = Release|Any CPU
		{4E9368C4-52FB-432A-999B-1AF6FAE1B943}.Debug|Any CPU.ActiveCfg = Debug|Any CPU
		{4E9368C4-52FB-432A-999B-1AF6FAE1B943}.Debug|Any CPU.Build.0 = Debug|Any CPU
		{4E9368C4-52FB-432A-999B-1AF6FAE1B943}.Release|Any CPU.ActiveCfg = Release|Any CPU
		{4E9368C4-52FB-432A-999B-1AF6FAE1B943}.Release|Any CPU.Build.0 = Release|Any CPU
		{AD76F09F-FA25-479E-BEFA-EEFCFA0F8298}.Debug|Any CPU.ActiveCfg = Debug|Any CPU
		{AD76F09F-FA25-479E-BEFA-EEFCFA0F8298}.Debug|Any CPU.Build.0 = Debug|Any CPU
		{AD76F09F-FA25-479E-BEFA-EEFCFA0F8298}.Release|Any CPU.ActiveCfg = Release|Any CPU
		{AD76F09F-FA25-479E-BEFA-EEFCFA0F8298}.Release|Any CPU.Build.0 = Release|Any CPU
		{A3E77CB0-FF95-44E1-AA2B-4DC226B68CCE}.Debug|Any CPU.ActiveCfg = Debug|Any CPU
		{A3E77CB0-FF95-44E1-AA2B-4DC226B68CCE}.Debug|Any CPU.Build.0 = Debug|Any CPU
		{A3E77CB0-FF95-44E1-AA2B-4DC226B68CCE}.Release|Any CPU.ActiveCfg = Release|Any CPU
		{A3E77CB0-FF95-44E1-AA2B-4DC226B68CCE}.Release|Any CPU.Build.0 = Release|Any CPU
	EndGlobalSection
	GlobalSection(SolutionProperties) = preSolution
		HideSolutionNode = FALSE
	EndGlobalSection
	GlobalSection(ExtensibilityGlobals) = postSolution
		SolutionGuid = {2DD4B5B4-55C4-463A-9FAA-C6312706F265}
	EndGlobalSection
EndGlobal
